
Microsoft Visual Studio Solution File, Format Version 12.00
# Visual Studio 15
VisualStudioVersion = 15.0.28010.2036
MinimumVisualStudioVersion = 10.0.40219.1
Project("{FAE04EC0-301F-11D3-BF4B-00C04F79EFBC}") = "MeetingManagement.WebAPI", "MeetingManagement.WebAPI\MeetingManagement.WebAPI.csproj", "{FA1CFEBD-610B-4982-B9CB-14CB822E9E39}"
EndProject
Project("{FAE04EC0-301F-11D3-BF4B-00C04F79EFBC}") = "MeetingManagement.EntityModels", "MeetingManagement.EntityModels\MeetingManagement.EntityModels.csproj", "{C8089118-21A0-42E2-AADB-3625811E623C}"
EndProject
Project("{FAE04EC0-301F-11D3-BF4B-00C04F79EFBC}") = "MeetingManagement.UnitTests", "MeetingManagement.UnitTests\MeetingManagement.UnitTests.csproj", "{E938B617-9538-4F95-9553-0F6CAD6778B0}"
EndProject
Global
	GlobalSection(SolutionConfigurationPlatforms) = preSolution
		Debug|Any CPU = Debug|Any CPU
		Release|Any CPU = Release|Any CPU
	EndGlobalSection
	GlobalSection(ProjectConfigurationPlatforms) = postSolution
		{FA1CFEBD-610B-4982-B9CB-14CB822E9E39}.Debug|Any CPU.ActiveCfg = Debug|Any CPU
		{FA1CFEBD-610B-4982-B9CB-14CB822E9E39}.Debug|Any CPU.Build.0 = Debug|Any CPU
		{FA1CFEBD-610B-4982-B9CB-14CB822E9E39}.Release|Any CPU.ActiveCfg = Release|Any CPU
		{FA1CFEBD-610B-4982-B9CB-14CB822E9E39}.Release|Any CPU.Build.0 = Release|Any CPU
		{C8089118-21A0-42E2-AADB-3625811E623C}.Debug|Any CPU.ActiveCfg = Debug|Any CPU
		{C8089118-21A0-42E2-AADB-3625811E623C}.Debug|Any CPU.Build.0 = Debug|Any CPU
		{C8089118-21A0-42E2-AADB-3625811E623C}.Release|Any CPU.ActiveCfg = Release|Any CPU
		{C8089118-21A0-42E2-AADB-3625811E623C}.Release|Any CPU.Build.0 = Release|Any CPU
		{E938B617-9538-4F95-9553-0F6CAD6778B0}.Debug|Any CPU.ActiveCfg = Debug|Any CPU
		{E938B617-9538-4F95-9553-0F6CAD6778B0}.Debug|Any CPU.Build.0 = Debug|Any CPU
		{E938B617-9538-4F95-9553-0F6CAD6778B0}.Release|Any CPU.ActiveCfg = Release|Any CPU
		{E938B617-9538-4F95-9553-0F6CAD6778B0}.Release|Any CPU.Build.0 = Release|Any CPU
	EndGlobalSection
	GlobalSection(SolutionProperties) = preSolution
		HideSolutionNode = FALSE
	EndGlobalSection
	GlobalSection(ExtensibilityGlobals) = postSolution
		SolutionGuid = {23600775-BB94-4408-B34E-5D2DDDC8F77D}
	EndGlobalSection
EndGlobal
